
Microsoft Visual Studio Solution File, Format Version 12.00
# Visual Studio Version 17
VisualStudioVersion = 17.8.34330.188
MinimumVisualStudioVersion = 10.0.40219.1
Project("{FAE04EC0-301F-11D3-BF4B-00C04F79EFBC}") = "BookManagement_An", "BookManagement_An\BookManagement_An.csproj", "{1AA6C821-46D8-4E74-823C-C1538BABBA4F}"
EndProject
Project("{FAE04EC0-301F-11D3-BF4B-00C04F79EFBC}") = "Services", "Services\Services.csproj", "{0448BFD8-5F68-46C5-AA28-77FA28F58DFA}"
EndProject
Project("{FAE04EC0-301F-11D3-BF4B-00C04F79EFBC}") = "Repositories", "Repositories\Repositories.csproj", "{923BCFC5-B176-484B-AC60-311279425F42}"
EndProject
Global
	GlobalSection(SolutionConfigurationPlatforms) = preSolution
		Debug|Any CPU = Debug|Any CPU
		Release|Any CPU = Release|Any CPU
	EndGlobalSection
	GlobalSection(ProjectConfigurationPlatforms) = postSolution
		{1AA6C821-46D8-4E74-823C-C1538BABBA4F}.Debug|Any CPU.ActiveCfg = Debug|Any CPU
		{1AA6C821-46D8-4E74-823C-C1538BABBA4F}.Debug|Any CPU.Build.0 = Debug|Any CPU
		{1AA6C821-46D8-4E74-823C-C1538BABBA4F}.Release|Any CPU.ActiveCfg = Release|Any CPU
		{1AA6C821-46D8-4E74-823C-C1538BABBA4F}.Release|Any CPU.Build.0 = Release|Any CPU
		{0448BFD8-5F68-46C5-AA28-77FA28F58DFA}.Debug|Any CPU.ActiveCfg = Debug|Any CPU
		{0448BFD8-5F68-46C5-AA28-77FA28F58DFA}.Debug|Any CPU.Build.0 = Debug|Any CPU
		{0448BFD8-5F68-46C5-AA28-77FA28F58DFA}.Release|Any CPU.ActiveCfg = Release|Any CPU
		{0448BFD8-5F68-46C5-AA28-77FA28F58DFA}.Release|Any CPU.Build.0 = Release|Any CPU
		{923BCFC5-B176-484B-AC60-311279425F42}.Debug|Any CPU.ActiveCfg = Debug|Any CPU
		{923BCFC5-B176-484B-AC60-311279425F42}.Debug|Any CPU.Build.0 = Debug|Any CPU
		{923BCFC5-B176-484B-AC60-311279425F42}.Release|Any CPU.ActiveCfg = Release|Any CPU
		{923BCFC5-B176-484B-AC60-311279425F42}.Release|Any CPU.Build.0 = Release|Any CPU
	EndGlobalSection
	GlobalSection(SolutionProperties) = preSolution
		HideSolutionNode = FALSE
	EndGlobalSection
	GlobalSection(ExtensibilityGlobals) = postSolution
		SolutionGuid = {307FFB22-BB6F-49E1-8D78-1D32B1BE6850}
	EndGlobalSection
EndGlobal
