
Microsoft Visual Studio Solution File, Format Version 12.00
# Visual Studio Version 17
VisualStudioVersion = 17.8.34330.188
MinimumVisualStudioVersion = 10.0.40219.1
Project("{9A19103F-16F7-4668-BE54-9A1E7A4F7556}") = "StudentV1", "StudentV1\StudentV1.csproj", "{359CA6DB-BBB6-43A7-B131-3FA614D33D94}"
EndProject
Project("{9A19103F-16F7-4668-BE54-9A1E7A4F7556}") = "StudentManagerV2", "StudentManagerV2\StudentManagerV2.csproj", "{83FE155B-FC21-4725-B537-A03C0D7CC914}"
EndProject
Project("{9A19103F-16F7-4668-BE54-9A1E7A4F7556}") = "StudentManagerV3", "StudentManagerV3\StudentManagerV3.csproj", "{B1798EB0-A95D-4029-9475-42ACB82A1E2F}"
EndProject
Project("{9A19103F-16F7-4668-BE54-9A1E7A4F7556}") = "StudentManagerV4", "StudentManagerV4\StudentManagerV4.csproj", "{74EE074A-4183-4162-93C5-9DDC9E62EB4C}"
EndProject
Project("{9A19103F-16F7-4668-BE54-9A1E7A4F7556}") = "StudentManagerV5", "StudentManagerV5\StudentManagerV5.csproj", "{C5C47BD4-AAC3-4B8C-8ED9-E656474CE1A2}"
EndProject
Project("{FAE04EC0-301F-11D3-BF4B-00C04F79EFBC}") = "StudentManagerV6", "StudentManagerV6\StudentManagerV6.csproj", "{30CB2E07-3708-40AF-88C2-35E6808B6A92}"
EndProject
Global
	GlobalSection(SolutionConfigurationPlatforms) = preSolution
		Debug|Any CPU = Debug|Any CPU
		Release|Any CPU = Release|Any CPU
	EndGlobalSection
	GlobalSection(ProjectConfigurationPlatforms) = postSolution
		{359CA6DB-BBB6-43A7-B131-3FA614D33D94}.Debug|Any CPU.ActiveCfg = Debug|Any CPU
		{359CA6DB-BBB6-43A7-B131-3FA614D33D94}.Debug|Any CPU.Build.0 = Debug|Any CPU
		{359CA6DB-BBB6-43A7-B131-3FA614D33D94}.Release|Any CPU.ActiveCfg = Release|Any CPU
		{359CA6DB-BBB6-43A7-B131-3FA614D33D94}.Release|Any CPU.Build.0 = Release|Any CPU
		{83FE155B-FC21-4725-B537-A03C0D7CC914}.Debug|Any CPU.ActiveCfg = Debug|Any CPU
		{83FE155B-FC21-4725-B537-A03C0D7CC914}.Debug|Any CPU.Build.0 = Debug|Any CPU
		{83FE155B-FC21-4725-B537-A03C0D7CC914}.Release|Any CPU.ActiveCfg = Release|Any CPU
		{83FE155B-FC21-4725-B537-A03C0D7CC914}.Release|Any CPU.Build.0 = Release|Any CPU
		{B1798EB0-A95D-4029-9475-42ACB82A1E2F}.Debug|Any CPU.ActiveCfg = Debug|Any CPU
		{B1798EB0-A95D-4029-9475-42ACB82A1E2F}.Debug|Any CPU.Build.0 = Debug|Any CPU
		{B1798EB0-A95D-4029-9475-42ACB82A1E2F}.Release|Any CPU.ActiveCfg = Release|Any CPU
		{B1798EB0-A95D-4029-9475-42ACB82A1E2F}.Release|Any CPU.Build.0 = Release|Any CPU
		{74EE074A-4183-4162-93C5-9DDC9E62EB4C}.Debug|Any CPU.ActiveCfg = Debug|Any CPU
		{74EE074A-4183-4162-93C5-9DDC9E62EB4C}.Debug|Any CPU.Build.0 = Debug|Any CPU
		{74EE074A-4183-4162-93C5-9DDC9E62EB4C}.Release|Any CPU.ActiveCfg = Release|Any CPU
		{74EE074A-4183-4162-93C5-9DDC9E62EB4C}.Release|Any CPU.Build.0 = Release|Any CPU
		{C5C47BD4-AAC3-4B8C-8ED9-E656474CE1A2}.Debug|Any CPU.ActiveCfg = Debug|Any CPU
		{C5C47BD4-AAC3-4B8C-8ED9-E656474CE1A2}.Debug|Any CPU.Build.0 = Debug|Any CPU
		{C5C47BD4-AAC3-4B8C-8ED9-E656474CE1A2}.Release|Any CPU.ActiveCfg = Release|Any CPU
		{C5C47BD4-AAC3-4B8C-8ED9-E656474CE1A2}.Release|Any CPU.Build.0 = Release|Any CPU
		{30CB2E07-3708-40AF-88C2-35E6808B6A92}.Debug|Any CPU.ActiveCfg = Debug|Any CPU
		{30CB2E07-3708-40AF-88C2-35E6808B6A92}.Debug|Any CPU.Build.0 = Debug|Any CPU
		{30CB2E07-3708-40AF-88C2-35E6808B6A92}.Release|Any CPU.ActiveCfg = Release|Any CPU
		{30CB2E07-3708-40AF-88C2-35E6808B6A92}.Release|Any CPU.Build.0 = Release|Any CPU
	EndGlobalSection
	GlobalSection(SolutionProperties) = preSolution
		HideSolutionNode = FALSE
	EndGlobalSection
	GlobalSection(ExtensibilityGlobals) = postSolution
		SolutionGuid = {7E6EBA4B-0005-4ED0-91B8-60B284834AEB}
	EndGlobalSection
EndGlobal
