
Microsoft Visual Studio Solution File, Format Version 12.00
# Visual Studio Version 17
VisualStudioVersion = 17.11.35222.181
MinimumVisualStudioVersion = 10.0.40219.1
Project("{FAE04EC0-301F-11D3-BF4B-00C04F79EFBC}") = "TaskDemonstration", "TaskDemonstration\TaskDemonstration.csproj", "{0B7845AA-E73A-4E1D-8E23-32705ECF9FD3}"
EndProject
Global
	GlobalSection(SolutionConfigurationPlatforms) = preSolution
		Debug|Any CPU = Debug|Any CPU
		Release|Any CPU = Release|Any CPU
	EndGlobalSection
	GlobalSection(ProjectConfigurationPlatforms) = postSolution
		{0B7845AA-E73A-4E1D-8E23-32705ECF9FD3}.Debug|Any CPU.ActiveCfg = Debug|Any CPU
		{0B7845AA-E73A-4E1D-8E23-32705ECF9FD3}.Debug|Any CPU.Build.0 = Debug|Any CPU
		{0B7845AA-E73A-4E1D-8E23-32705ECF9FD3}.Release|Any CPU.ActiveCfg = Release|Any CPU
		{0B7845AA-E73A-4E1D-8E23-32705ECF9FD3}.Release|Any CPU.Build.0 = Release|Any CPU
	EndGlobalSection
	GlobalSection(SolutionProperties) = preSolution
		HideSolutionNode = FALSE
	EndGlobalSection
	GlobalSection(ExtensibilityGlobals) = postSolution
		SolutionGuid = {B23FFBAF-75DD-48F8-8EFC-CD03D9FA7084}
	EndGlobalSection
EndGlobal
