
Microsoft Visual Studio Solution File, Format Version 12.00
# Visual Studio Version 17
VisualStudioVersion = 17.11.35222.181
MinimumVisualStudioVersion = 10.0.40219.1
Project("{9A19103F-16F7-4668-BE54-9A1E7A4F7556}") = "Psychological.GrpcService", "Psychological.GrpcService\Psychological.GrpcService.csproj", "{5064CA30-9B77-4853-B6CC-A4CCA2CE7191}"
EndProject
Project("{FAE04EC0-301F-11D3-BF4B-00C04F79EFBC}") = "Psychological.GrpcClient.ConsoleApp", "Psychological.GrpcClient.ConsoleApp\Psychological.GrpcClient.ConsoleApp.csproj", "{0050F6D3-3990-451B-BAA3-F020EC4DA769}"
EndProject
Global
	GlobalSection(SolutionConfigurationPlatforms) = preSolution
		Debug|Any CPU = Debug|Any CPU
		Release|Any CPU = Release|Any CPU
	EndGlobalSection
	GlobalSection(ProjectConfigurationPlatforms) = postSolution
		{5064CA30-9B77-4853-B6CC-A4CCA2CE7191}.Debug|Any CPU.ActiveCfg = Debug|Any CPU
		{5064CA30-9B77-4853-B6CC-A4CCA2CE7191}.Debug|Any CPU.Build.0 = Debug|Any CPU
		{5064CA30-9B77-4853-B6CC-A4CCA2CE7191}.Release|Any CPU.ActiveCfg = Release|Any CPU
		{5064CA30-9B77-4853-B6CC-A4CCA2CE7191}.Release|Any CPU.Build.0 = Release|Any CPU
		{0050F6D3-3990-451B-BAA3-F020EC4DA769}.Debug|Any CPU.ActiveCfg = Debug|Any CPU
		{0050F6D3-3990-451B-BAA3-F020EC4DA769}.Debug|Any CPU.Build.0 = Debug|Any CPU
		{0050F6D3-3990-451B-BAA3-F020EC4DA769}.Release|Any CPU.ActiveCfg = Release|Any CPU
		{0050F6D3-3990-451B-BAA3-F020EC4DA769}.Release|Any CPU.Build.0 = Release|Any CPU
	EndGlobalSection
	GlobalSection(SolutionProperties) = preSolution
		HideSolutionNode = FALSE
	EndGlobalSection
	GlobalSection(ExtensibilityGlobals) = postSolution
		SolutionGuid = {B4200565-2601-48AF-9892-D202F79C5797}
	EndGlobalSection
EndGlobal
