
Microsoft Visual Studio Solution File, Format Version 12.00
# Visual Studio Version 17
VisualStudioVersion = 17.8.34330.188
MinimumVisualStudioVersion = 10.0.40219.1
Project("{FAE04EC0-301F-11D3-BF4B-00C04F79EFBC}") = "Numbers", "Numbers\Numbers.csproj", "{C1C03679-986E-4854-8926-F3B9D8A131FD}"
EndProject
Project("{FAE04EC0-301F-11D3-BF4B-00C04F79EFBC}") = "Student", "Student\Student.csproj", "{7A9A1495-C361-4A4D-9374-5A884D443B3D}"
EndProject
Global
	GlobalSection(SolutionConfigurationPlatforms) = preSolution
		Debug|Any CPU = Debug|Any CPU
		Release|Any CPU = Release|Any CPU
	EndGlobalSection
	GlobalSection(ProjectConfigurationPlatforms) = postSolution
		{C1C03679-986E-4854-8926-F3B9D8A131FD}.Debug|Any CPU.ActiveCfg = Debug|Any CPU
		{C1C03679-986E-4854-8926-F3B9D8A131FD}.Debug|Any CPU.Build.0 = Debug|Any CPU
		{C1C03679-986E-4854-8926-F3B9D8A131FD}.Release|Any CPU.ActiveCfg = Release|Any CPU
		{C1C03679-986E-4854-8926-F3B9D8A131FD}.Release|Any CPU.Build.0 = Release|Any CPU
		{7A9A1495-C361-4A4D-9374-5A884D443B3D}.Debug|Any CPU.ActiveCfg = Debug|Any CPU
		{7A9A1495-C361-4A4D-9374-5A884D443B3D}.Debug|Any CPU.Build.0 = Debug|Any CPU
		{7A9A1495-C361-4A4D-9374-5A884D443B3D}.Release|Any CPU.ActiveCfg = Release|Any CPU
		{7A9A1495-C361-4A4D-9374-5A884D443B3D}.Release|Any CPU.Build.0 = Release|Any CPU
	EndGlobalSection
	GlobalSection(SolutionProperties) = preSolution
		HideSolutionNode = FALSE
	EndGlobalSection
	GlobalSection(ExtensibilityGlobals) = postSolution
		SolutionGuid = {96194EF5-3EF2-46F2-B791-33ECA497BDC8}
	EndGlobalSection
EndGlobal
