
Microsoft Visual Studio Solution File, Format Version 12.00
# Visual Studio Version 17
VisualStudioVersion = 17.11.35222.181
MinimumVisualStudioVersion = 10.0.40219.1
Project("{9A19103F-16F7-4668-BE54-9A1E7A4F7556}") = "Candidate_BusinessObjects", "Candidate_BusinessObjects\Candidate_BusinessObjects.csproj", "{41F9E5E6-F056-47A5-B278-63D448C5D35D}"
EndProject
Project("{9A19103F-16F7-4668-BE54-9A1E7A4F7556}") = "Candidate_DAO", "Candidate_DAO\Candidate_DAO.csproj", "{8F42352A-1B66-4F4B-9376-C8C3CB0D2170}"
EndProject
Project("{9A19103F-16F7-4668-BE54-9A1E7A4F7556}") = "Candidate_Repository", "Candidate_Repository\Candidate_Repository.csproj", "{27D34962-C3B1-4FD3-B0FE-A0A524E38040}"
EndProject
Project("{9A19103F-16F7-4668-BE54-9A1E7A4F7556}") = "Candidate_Service", "Candidate_Service\Candidate_Service.csproj", "{7006F927-DC02-4BFE-A25F-51535B948BE8}"
EndProject
Project("{9A19103F-16F7-4668-BE54-9A1E7A4F7556}") = "Candidate_WPF_GUI", "Candidate_WPF_GUI\Candidate_WPF_GUI.csproj", "{C2B13A31-4860-4D6F-8BEE-062F6EBF8B41}"
EndProject
Project("{9A19103F-16F7-4668-BE54-9A1E7A4F7556}") = "CadidateManageWebsite", "CadidateManageWebsite\CadidateManageWebsite.csproj", "{A7D5FB58-51E1-4343-B469-EC2E6F0DCDA0}"
EndProject
Global
	GlobalSection(SolutionConfigurationPlatforms) = preSolution
		Debug|Any CPU = Debug|Any CPU
		Release|Any CPU = Release|Any CPU
	EndGlobalSection
	GlobalSection(ProjectConfigurationPlatforms) = postSolution
		{41F9E5E6-F056-47A5-B278-63D448C5D35D}.Debug|Any CPU.ActiveCfg = Debug|Any CPU
		{41F9E5E6-F056-47A5-B278-63D448C5D35D}.Debug|Any CPU.Build.0 = Debug|Any CPU
		{41F9E5E6-F056-47A5-B278-63D448C5D35D}.Release|Any CPU.ActiveCfg = Release|Any CPU
		{41F9E5E6-F056-47A5-B278-63D448C5D35D}.Release|Any CPU.Build.0 = Release|Any CPU
		{8F42352A-1B66-4F4B-9376-C8C3CB0D2170}.Debug|Any CPU.ActiveCfg = Debug|Any CPU
		{8F42352A-1B66-4F4B-9376-C8C3CB0D2170}.Debug|Any CPU.Build.0 = Debug|Any CPU
		{8F42352A-1B66-4F4B-9376-C8C3CB0D2170}.Release|Any CPU.ActiveCfg = Release|Any CPU
		{8F42352A-1B66-4F4B-9376-C8C3CB0D2170}.Release|Any CPU.Build.0 = Release|Any CPU
		{27D34962-C3B1-4FD3-B0FE-A0A524E38040}.Debug|Any CPU.ActiveCfg = Debug|Any CPU
		{27D34962-C3B1-4FD3-B0FE-A0A524E38040}.Debug|Any CPU.Build.0 = Debug|Any CPU
		{27D34962-C3B1-4FD3-B0FE-A0A524E38040}.Release|Any CPU.ActiveCfg = Release|Any CPU
		{27D34962-C3B1-4FD3-B0FE-A0A524E38040}.Release|Any CPU.Build.0 = Release|Any CPU
		{7006F927-DC02-4BFE-A25F-51535B948BE8}.Debug|Any CPU.ActiveCfg = Debug|Any CPU
		{7006F927-DC02-4BFE-A25F-51535B948BE8}.Debug|Any CPU.Build.0 = Debug|Any CPU
		{7006F927-DC02-4BFE-A25F-51535B948BE8}.Release|Any CPU.ActiveCfg = Release|Any CPU
		{7006F927-DC02-4BFE-A25F-51535B948BE8}.Release|Any CPU.Build.0 = Release|Any CPU
		{C2B13A31-4860-4D6F-8BEE-062F6EBF8B41}.Debug|Any CPU.ActiveCfg = Debug|Any CPU
		{C2B13A31-4860-4D6F-8BEE-062F6EBF8B41}.Debug|Any CPU.Build.0 = Debug|Any CPU
		{C2B13A31-4860-4D6F-8BEE-062F6EBF8B41}.Release|Any CPU.ActiveCfg = Release|Any CPU
		{C2B13A31-4860-4D6F-8BEE-062F6EBF8B41}.Release|Any CPU.Build.0 = Release|Any CPU
		{A7D5FB58-51E1-4343-B469-EC2E6F0DCDA0}.Debug|Any CPU.ActiveCfg = Debug|Any CPU
		{A7D5FB58-51E1-4343-B469-EC2E6F0DCDA0}.Debug|Any CPU.Build.0 = Debug|Any CPU
		{A7D5FB58-51E1-4343-B469-EC2E6F0DCDA0}.Release|Any CPU.ActiveCfg = Release|Any CPU
		{A7D5FB58-51E1-4343-B469-EC2E6F0DCDA0}.Release|Any CPU.Build.0 = Release|Any CPU
	EndGlobalSection
	GlobalSection(SolutionProperties) = preSolution
		HideSolutionNode = FALSE
	EndGlobalSection
	GlobalSection(ExtensibilityGlobals) = postSolution
		SolutionGuid = {DB1BCA09-B613-464D-AF28-07E62E53C9AD}
	EndGlobalSection
EndGlobal
