
Microsoft Visual Studio Solution File, Format Version 12.00
# Visual Studio Version 17
VisualStudioVersion = 17.8.34330.188
MinimumVisualStudioVersion = 10.0.40219.1
Project("{9A19103F-16F7-4668-BE54-9A1E7A4F7556}") = "BookManagement_TaNgocAn", "BookManagement_TaNgocAn\BookManagement_TaNgocAn.csproj", "{3492FBCD-12C8-4722-936A-8EE4C56DBB1C}"
EndProject
Project("{FAE04EC0-301F-11D3-BF4B-00C04F79EFBC}") = "Repositories", "Repository\Repositories.csproj", "{319C15D4-B487-412E-B4C6-29425753EB42}"
EndProject
Project("{FAE04EC0-301F-11D3-BF4B-00C04F79EFBC}") = "Service", "Service\Service.csproj", "{AF3BA330-64AE-43F3-BEF7-DCB62D2E750F}"
EndProject
Global
	GlobalSection(SolutionConfigurationPlatforms) = preSolution
		Debug|Any CPU = Debug|Any CPU
		Release|Any CPU = Release|Any CPU
	EndGlobalSection
	GlobalSection(ProjectConfigurationPlatforms) = postSolution
		{3492FBCD-12C8-4722-936A-8EE4C56DBB1C}.Debug|Any CPU.ActiveCfg = Debug|Any CPU
		{3492FBCD-12C8-4722-936A-8EE4C56DBB1C}.Debug|Any CPU.Build.0 = Debug|Any CPU
		{3492FBCD-12C8-4722-936A-8EE4C56DBB1C}.Release|Any CPU.ActiveCfg = Release|Any CPU
		{3492FBCD-12C8-4722-936A-8EE4C56DBB1C}.Release|Any CPU.Build.0 = Release|Any CPU
		{319C15D4-B487-412E-B4C6-29425753EB42}.Debug|Any CPU.ActiveCfg = Debug|Any CPU
		{319C15D4-B487-412E-B4C6-29425753EB42}.Debug|Any CPU.Build.0 = Debug|Any CPU
		{319C15D4-B487-412E-B4C6-29425753EB42}.Release|Any CPU.ActiveCfg = Release|Any CPU
		{319C15D4-B487-412E-B4C6-29425753EB42}.Release|Any CPU.Build.0 = Release|Any CPU
		{AF3BA330-64AE-43F3-BEF7-DCB62D2E750F}.Debug|Any CPU.ActiveCfg = Debug|Any CPU
		{AF3BA330-64AE-43F3-BEF7-DCB62D2E750F}.Debug|Any CPU.Build.0 = Debug|Any CPU
		{AF3BA330-64AE-43F3-BEF7-DCB62D2E750F}.Release|Any CPU.ActiveCfg = Release|Any CPU
		{AF3BA330-64AE-43F3-BEF7-DCB62D2E750F}.Release|Any CPU.Build.0 = Release|Any CPU
	EndGlobalSection
	GlobalSection(SolutionProperties) = preSolution
		HideSolutionNode = FALSE
	EndGlobalSection
	GlobalSection(ExtensibilityGlobals) = postSolution
		SolutionGuid = {325EAB54-8C38-44F6-AA95-F5AF06A55808}
	EndGlobalSection
EndGlobal
